// !$*UTF8*$!
{
	archiveVersion = 1;
	classes = {
	};
	objectVersion = 56;
	objects = {

/* Begin PBXBuildFile section */
		BD5F7A262C57D136008CCB66 /* questionappApp.swift in Sources */ = {isa = PBXBuildFile; fileRef = BD5F7A252C57D136008CCB66 /* questionappApp.swift */; };
		BD5F7A282C57D136008CCB66 /* ContentView.swift in Sources */ = {isa = PBXBuildFile; fileRef = BD5F7A272C57D136008CCB66 /* ContentView.swift */; };
		BD5F7A2A2C57D13A008CCB66 /* Assets.xcassets in Resources */ = {isa = PBXBuildFile; fileRef = BD5F7A292C57D13A008CCB66 /* Assets.xcassets */; };
		BD5F7A2D2C57D13A008CCB66 /* Preview Assets.xcassets in Resources */ = {isa = PBXBuildFile; fileRef = BD5F7A2C2C57D13A008CCB66 /* Preview Assets.xcassets */; };
		BD5F7A372C57D13A008CCB66 /* questionappTests.swift in Sources */ = {isa = PBXBuildFile; fileRef = BD5F7A362C57D13A008CCB66 /* questionappTests.swift */; };
		BD5F7A412C57D13A008CCB66 /* questionappUITests.swift in Sources */ = {isa = PBXBuildFile; fileRef = BD5F7A402C57D13A008CCB66 /* questionappUITests.swift */; };
		BD5F7A432C57D13A008CCB66 /* questionappUITestsLaunchTests.swift in Sources */ = {isa = PBXBuildFile; fileRef = BD5F7A422C57D13A008CCB66 /* questionappUITestsLaunchTests.swift */; };
		BD5F7A502C57D722008CCB66 /* nextquestion2.swift in Sources */ = {isa = PBXBuildFile; fileRef = BD5F7A4F2C57D722008CCB66 /* nextquestion2.swift */; };
		BD5F7A542C57D859008CCB66 /* nextquestion3.swift in Sources */ = {isa = PBXBuildFile; fileRef = BD5F7A532C57D859008CCB66 /* nextquestion3.swift */; };
/* End PBXBuildFile section */

/* Begin PBXContainerItemProxy section */
		BD5F7A332C57D13A008CCB66 /* PBXContainerItemProxy */ = {
			isa = PBXContainerItemProxy;
			containerPortal = BD5F7A1A2C57D136008CCB66 /* Project object */;
			proxyType = 1;
			remoteGlobalIDString = BD5F7A212C57D136008CCB66;
			remoteInfo = questionapp;
		};
		BD5F7A3D2C57D13A008CCB66 /* PBXContainerItemProxy */ = {
			isa = PBXContainerItemProxy;
			containerPortal = BD5F7A1A2C57D136008CCB66 /* Project object */;
			proxyType = 1;
			remoteGlobalIDString = BD5F7A212C57D136008CCB66;
			remoteInfo = questionapp;
		};
/* End PBXContainerItemProxy section */

/* Begin PBXFileReference section */
		BD5F7A222C57D136008CCB66 /* questionapp.app */ = {isa = PBXFileReference; explicitFileType = wrapper.application; includeInIndex = 0; path = questionapp.app; sourceTree = BUILT_PRODUCTS_DIR; };
		BD5F7A252C57D136008CCB66 /* questionappApp.swift */ = {isa = PBXFileReference; lastKnownFileType = sourcecode.swift; path = questionappApp.swift; sourceTree = "<group>"; };
		BD5F7A272C57D136008CCB66 /* ContentView.swift */ = {isa = PBXFileReference; lastKnownFileType = sourcecode.swift; path = ContentView.swift; sourceTree = "<group>"; };
		BD5F7A292C57D13A008CCB66 /* Assets.xcassets */ = {isa = PBXFileReference; lastKnownFileType = folder.assetcatalog; path = Assets.xcassets; sourceTree = "<group>"; };
		BD5F7A2C2C57D13A008CCB66 /* Preview Assets.xcassets */ = {isa = PBXFileReference; lastKnownFileType = folder.assetcatalog; path = "Preview Assets.xcassets"; sourceTree = "<group>"; };
		BD5F7A322C57D13A008CCB66 /* questionappTests.xctest */ = {isa = PBXFileReference; explicitFileType = wrapper.cfbundle; includeInIndex = 0; path = questionappTests.xctest; sourceTree = BUILT_PRODUCTS_DIR; };
		BD5F7A362C57D13A008CCB66 /* questionappTests.swift */ = {isa = PBXFileReference; lastKnownFileType = sourcecode.swift; path = questionappTests.swift; sourceTree = "<group>"; };
		BD5F7A3C2C57D13A008CCB66 /* questionappUITests.xctest */ = {isa = PBXFileReference; explicitFileType = wrapper.cfbundle; includeInIndex = 0; path = questionappUITests.xctest; sourceTree = BUILT_PRODUCTS_DIR; };
		BD5F7A402C57D13A008CCB66 /* questionappUITests.swift */ = {isa = PBXFileReference; lastKnownFileType = sourcecode.swift; path = questionappUITests.swift; sourceTree = "<group>"; };
		BD5F7A422C57D13A008CCB66 /* questionappUITestsLaunchTests.swift */ = {isa = PBXFileReference; lastKnownFileType = sourcecode.swift; path = questionappUITestsLaunchTests.swift; sourceTree = "<group>"; };
		BD5F7A4F2C57D722008CCB66 /* nextquestion2.swift */ = {isa = PBXFileReference; lastKnownFileType = sourcecode.swift; path = nextquestion2.swift; sourceTree = "<group>"; };
		BD5F7A532C57D859008CCB66 /* nextquestion3.swift */ = {isa = PBXFileReference; lastKnownFileType = sourcecode.swift; path = nextquestion3.swift; sourceTree = "<group>"; };
/* End PBXFileReference section */

/* Begin PBXFrameworksBuildPhase section */
		BD5F7A1F2C57D136008CCB66 /* Frameworks */ = {
			isa = PBXFrameworksBuildPhase;
			buildActionMask = 2147483647;
			files = (
			);
			runOnlyForDeploymentPostprocessing = 0;
		};
		BD5F7A2F2C57D13A008CCB66 /* Frameworks */ = {
			isa = PBXFrameworksBuildPhase;
			buildActionMask = 2147483647;
			files = (
			);
			runOnlyForDeploymentPostprocessing = 0;
		};
		BD5F7A392C57D13A008CCB66 /* Frameworks */ = {
			isa = PBXFrameworksBuildPhase;
			buildActionMask = 2147483647;
			files = (
			);
			runOnlyForDeploymentPostprocessing = 0;
		};
/* End PBXFrameworksBuildPhase section */

/* Begin PBXGroup section */
		BD5F7A192C57D136008CCB66 = {
			isa = PBXGroup;
			children = (
				BD5F7A242C57D136008CCB66 /* questionapp */,
				BD5F7A352C57D13A008CCB66 /* questionappTests */,
				BD5F7A3F2C57D13A008CCB66 /* questionappUITests */,
				BD5F7A232C57D136008CCB66 /* Products */,
			);
			sourceTree = "<group>";
		};
		BD5F7A232C57D136008CCB66 /* Products */ = {
			isa = PBXGroup;
			children = (
				BD5F7A222C57D136008CCB66 /* questionapp.app */,
				BD5F7A322C57D13A008CCB66 /* questionappTests.xctest */,
				BD5F7A3C2C57D13A008CCB66 /* questionappUITests.xctest */,
			);
			name = Products;
			sourceTree = "<group>";
		};
		BD5F7A242C57D136008CCB66 /* questionapp */ = {
			isa = PBXGroup;
			children = (
				BD5F7A252C57D136008CCB66 /* questionappApp.swift */,
				BD5F7A272C57D136008CCB66 /* ContentView.swift */,
				BD5F7A4F2C57D722008CCB66 /* nextquestion2.swift */,
				BD5F7A532C57D859008CCB66 /* nextquestion3.swift */,
				BD5F7A292C57D13A008CCB66 /* Assets.xcassets */,
				BD5F7A2B2C57D13A008CCB66 /* Preview Content */,
			);
			path = questionapp;
			sourceTree = "<group>";
		};
		BD5F7A2B2C57D13A008CCB66 /* Preview Content */ = {
			isa = PBXGroup;
			children = (
				BD5F7A2C2C57D13A008CCB66 /* Preview Assets.xcassets */,
			);
			path = "Preview Content";
			sourceTree = "<group>";
		};
		BD5F7A352C57D13A008CCB66 /* questionappTests */ = {
			isa = PBXGroup;
			children = (
				BD5F7A362C57D13A008CCB66 /* questionappTests.swift */,
			);
			path = questionappTests;
			sourceTree = "<group>";
		};
		BD5F7A3F2C57D13A008CCB66 /* questionappUITests */ = {
			isa = PBXGroup;
			children = (
				BD5F7A402C57D13A008CCB66 /* questionappUITests.swift */,
				BD5F7A422C57D13A008CCB66 /* questionappUITestsLaunchTests.swift */,
			);
			path = questionappUITests;
			sourceTree = "<group>";
		};
/* End PBXGroup section */

/* Begin PBXNativeTarget section */
		BD5F7A212C57D136008CCB66 /* questionapp */ = {
			isa = PBXNativeTarget;
			buildConfigurationList = BD5F7A462C57D13A008CCB66 /* Build configuration list for PBXNativeTarget "questionapp" */;
			buildPhases = (
				BD5F7A1E2C57D136008CCB66 /* Sources */,
				BD5F7A1F2C57D136008CCB66 /* Frameworks */,
				BD5F7A202C57D136008CCB66 /* Resources */,
			);
			buildRules = (
			);
			dependencies = (
			);
			name = questionapp;
			productName = questionapp;
			productReference = BD5F7A222C57D136008CCB66 /* questionapp.app */;
			productType = "com.apple.product-type.application";
		};
		BD5F7A312C57D13A008CCB66 /* questionappTests */ = {
			isa = PBXNativeTarget;
			buildConfigurationList = BD5F7A492C57D13A008CCB66 /* Build configuration list for PBXNativeTarget "questionappTests" */;
			buildPhases = (
				BD5F7A2E2C57D13A008CCB66 /* Sources */,
				BD5F7A2F2C57D13A008CCB66 /* Frameworks */,
				BD5F7A302C57D13A008CCB66 /* Resources */,
			);
			buildRules = (
			);
			dependencies = (
				BD5F7A342C57D13A008CCB66 /* PBXTargetDependency */,
			);
			name = questionappTests;
			productName = questionappTests;
			productReference = BD5F7A322C57D13A008CCB66 /* questionappTests.xctest */;
			productType = "com.apple.product-type.bundle.unit-test";
		};
		BD5F7A3B2C57D13A008CCB66 /* questionappUITests */ = {
			isa = PBXNativeTarget;
			buildConfigurationList = BD5F7A4C2C57D13A008CCB66 /* Build configuration list for PBXNativeTarget "questionappUITests" */;
			buildPhases = (
				BD5F7A382C57D13A008CCB66 /* Sources */,
				BD5F7A392C57D13A008CCB66 /* Frameworks */,
				BD5F7A3A2C57D13A008CCB66 /* Resources */,
			);
			buildRules = (
			);
			dependencies = (
				BD5F7A3E2C57D13A008CCB66 /* PBXTargetDependency */,
			);
			name = questionappUITests;
			productName = questionappUITests;
			productReference = BD5F7A3C2C57D13A008CCB66 /* questionappUITests.xctest */;
			productType = "com.apple.product-type.bundle.ui-testing";
		};
/* End PBXNativeTarget section */

/* Begin PBXProject section */
		BD5F7A1A2C57D136008CCB66 /* Project object */ = {
			isa = PBXProject;
			attributes = {
				BuildIndependentTargetsInParallel = 1;
				LastSwiftUpdateCheck = 1540;
				LastUpgradeCheck = 1540;
				TargetAttributes = {
					BD5F7A212C57D136008CCB66 = {
						CreatedOnToolsVersion = 15.4;
					};
					BD5F7A312C57D13A008CCB66 = {
						CreatedOnToolsVersion = 15.4;
						TestTargetID = BD5F7A212C57D136008CCB66;
					};
					BD5F7A3B2C57D13A008CCB66 = {
						CreatedOnToolsVersion = 15.4;
						TestTargetID = BD5F7A212C57D136008CCB66;
					};
				};
			};
			buildConfigurationList = BD5F7A1D2C57D136008CCB66 /* Build configuration list for PBXProject "questionapp" */;
			compatibilityVersion = "Xcode 14.0";
			developmentRegion = en;
			hasScannedForEncodings = 0;
			knownRegions = (
				en,
				Base,
			);
			mainGroup = BD5F7A192C57D136008CCB66;
			productRefGroup = BD5F7A232C57D136008CCB66 /* Products */;
			projectDirPath = "";
			projectRoot = "";
			targets = (
				BD5F7A212C57D136008CCB66 /* questionapp */,
				BD5F7A312C57D13A008CCB66 /* questionappTests */,
				BD5F7A3B2C57D13A008CCB66 /* questionappUITests */,
			);
		};
/* End PBXProject section */

/* Begin PBXResourcesBuildPhase section */
		BD5F7A202C57D136008CCB66 /* Resources */ = {
			isa = PBXResourcesBuildPhase;
			buildActionMask = 2147483647;
			files = (
				BD5F7A2D2C57D13A008CCB66 /* Preview Assets.xcassets in Resources */,
				BD5F7A2A2C57D13A008CCB66 /* Assets.xcassets in Resources */,
			);
			runOnlyForDeploymentPostprocessing = 0;
		};
		BD5F7A302C57D13A008CCB66 /* Resources */ = {
			isa = PBXResourcesBuildPhase;
			buildActionMask = 2147483647;
			files = (
			);
			runOnlyForDeploymentPostprocessing = 0;
		};
		BD5F7A3A2C57D13A008CCB66 /* Resources */ = {
			isa = PBXResourcesBuildPhase;
			buildActionMask = 2147483647;
			files = (
			);
			runOnlyForDeploymentPostprocessing = 0;
		};
/* End PBXResourcesBuildPhase section */

/* Begin PBXSourcesBuildPhase section */
		BD5F7A1E2C57D136008CCB66 /* Sources */ = {
			isa = PBXSourcesBuildPhase;
			buildActionMask = 2147483647;
			files = (
				BD5F7A542C57D859008CCB66 /* nextquestion3.swift in Sources */,
				BD5F7A502C57D722008CCB66 /* nextquestion2.swift in Sources */,
				BD5F7A282C57D136008CCB66 /* ContentView.swift in Sources */,
				BD5F7A262C57D136008CCB66 /* questionappApp.swift in Sources */,
			);
			runOnlyForDeploymentPostprocessing = 0;
		};
		BD5F7A2E2C57D13A008CCB66 /* Sources */ = {
			isa = PBXSourcesBuildPhase;
			buildActionMask = 2147483647;
			files = (
				BD5F7A372C57D13A008CCB66 /* questionappTests.swift in Sources */,
			);
			runOnlyForDeploymentPostprocessing = 0;
		};
		BD5F7A382C57D13A008CCB66 /* Sources */ = {
			isa = PBXSourcesBuildPhase;
			buildActionMask = 2147483647;
			files = (
				BD5F7A432C57D13A008CCB66 /* questionappUITestsLaunchTests.swift in Sources */,
				BD5F7A412C57D13A008CCB66 /* questionappUITests.swift in Sources */,
			);
			runOnlyForDeploymentPostprocessing = 0;
		};
/* End PBXSourcesBuildPhase section */

/* Begin PBXTargetDependency section */
		BD5F7A342C57D13A008CCB66 /* PBXTargetDependency */ = {
			isa = PBXTargetDependency;
			target = BD5F7A212C57D136008CCB66 /* questionapp */;
			targetProxy = BD5F7A332C57D13A008CCB66 /* PBXContainerItemProxy */;
		};
		BD5F7A3E2C57D13A008CCB66 /* PBXTargetDependency */ = {
			isa = PBXTargetDependency;
			target = BD5F7A212C57D136008CCB66 /* questionapp */;
			targetProxy = BD5F7A3D2C57D13A008CCB66 /* PBXContainerItemProxy */;
		};
/* End PBXTargetDependency section */

/* Begin XCBuildConfiguration section */
		BD5F7A442C57D13A008CCB66 /* Debug */ = {
			isa = XCBuildConfiguration;
			buildSettings = {
				ALWAYS_SEARCH_USER_PATHS = NO;
				ASSETCATALOG_COMPILER_GENERATE_SWIFT_ASSET_SYMBOL_EXTENSIONS = YES;
				CLANG_ANALYZER_NONNULL = YES;
				CLANG_ANALYZER_NUMBER_OBJECT_CONVERSION = YES_AGGRESSIVE;
				CLANG_CXX_LANGUAGE_STANDARD = "gnu++20";
				CLANG_ENABLE_MODULES = YES;
				CLANG_ENABLE_OBJC_ARC = YES;
				CLANG_ENABLE_OBJC_WEAK = YES;
				CLANG_WARN_BLOCK_CAPTURE_AUTORELEASING = YES;
				CLANG_WARN_BOOL_CONVERSION = YES;
				CLANG_WARN_COMMA = YES;
				CLANG_WARN_CONSTANT_CONVERSION = YES;
				CLANG_WARN_DEPRECATED_OBJC_IMPLEMENTATIONS = YES;
				CLANG_WARN_DIRECT_OBJC_ISA_USAGE = YES_ERROR;
				CLANG_WARN_DOCUMENTATION_COMMENTS = YES;
				CLANG_WARN_EMPTY_BODY = YES;
				CLANG_WARN_ENUM_CONVERSION = YES;
				CLANG_WARN_INFINITE_RECURSION = YES;
				CLANG_WARN_INT_CONVERSION = YES;
				CLANG_WARN_NON_LITERAL_NULL_CONVERSION = YES;
				CLANG_WARN_OBJC_IMPLICIT_RETAIN_SELF = YES;
				CLANG_WARN_OBJC_LITERAL_CONVERSION = YES;
				CLANG_WARN_OBJC_ROOT_CLASS = YES_ERROR;
				CLANG_WARN_QUOTED_INCLUDE_IN_FRAMEWORK_HEADER = YES;
				CLANG_WARN_RANGE_LOOP_ANALYSIS = YES;
				CLANG_WARN_STRICT_PROTOTYPES = YES;
				CLANG_WARN_SUSPICIOUS_MOVE = YES;
				CLANG_WARN_UNGUARDED_AVAILABILITY = YES_AGGRESSIVE;
				CLANG_WARN_UNREACHABLE_CODE = YES;
				CLANG_WARN__DUPLICATE_METHOD_MATCH = YES;
				COPY_PHASE_STRIP = NO;
				DEBUG_INFORMATION_FORMAT = dwarf;
				ENABLE_STRICT_OBJC_MSGSEND = YES;
				ENABLE_TESTABILITY = YES;
				ENABLE_USER_SCRIPT_SANDBOXING = YES;
				GCC_C_LANGUAGE_STANDARD = gnu17;
				GCC_DYNAMIC_NO_PIC = NO;
				GCC_NO_COMMON_BLOCKS = YES;
				GCC_OPTIMIZATION_LEVEL = 0;
				GCC_PREPROCESSOR_DEFINITIONS = (
					"DEBUG=1",
					"$(inherited)",
				);
				GCC_WARN_64_TO_32_BIT_CONVERSION = YES;
				GCC_WARN_ABOUT_RETURN_TYPE = YES_ERROR;
				GCC_WARN_UNDECLARED_SELECTOR = YES;
				GCC_WARN_UNINITIALIZED_AUTOS = YES_AGGRESSIVE;
				GCC_WARN_UNUSED_FUNCTION = YES;
				GCC_WARN_UNUSED_VARIABLE = YES;
				IPHONEOS_DEPLOYMENT_TARGET = 17.5;
				LOCALIZATION_PREFERS_STRING_CATALOGS = YES;
				MTL_ENABLE_DEBUG_INFO = INCLUDE_SOURCE;
				MTL_FAST_MATH = YES;
				ONLY_ACTIVE_ARCH = YES;
				SDKROOT = iphoneos;
				SWIFT_ACTIVE_COMPILATION_CONDITIONS = "DEBUG $(inherited)";
				SWIFT_OPTIMIZATION_LEVEL = "-Onone";
			};
			name = Debug;
		};
		BD5F7A452C57D13A008CCB66 /* Release */ = {
			isa = XCBuildConfiguration;
			buildSettings = {
				ALWAYS_SEARCH_USER_PATHS = NO;
				ASSETCATALOG_COMPILER_GENERATE_SWIFT_ASSET_SYMBOL_EXTENSIONS = YES;
				CLANG_ANALYZER_NONNULL = YES;
				CLANG_ANALYZER_NUMBER_OBJECT_CONVERSION = YES_AGGRESSIVE;
				CLANG_CXX_LANGUAGE_STANDARD = "gnu++20";
				CLANG_ENABLE_MODULES = YES;
				CLANG_ENABLE_OBJC_ARC = YES;
				CLANG_ENABLE_OBJC_WEAK = YES;
				CLANG_WARN_BLOCK_CAPTURE_AUTORELEASING = YES;
				CLANG_WARN_BOOL_CONVERSION = YES;
				CLANG_WARN_COMMA = YES;
				CLANG_WARN_CONSTANT_CONVERSION = YES;
				CLANG_WARN_DEPRECATED_OBJC_IMPLEMENTATIONS = YES;
				CLANG_WARN_DIRECT_OBJC_ISA_USAGE = YES_ERROR;
				CLANG_WARN_DOCUMENTATION_COMMENTS = YES;
				CLANG_WARN_EMPTY_BODY = YES;
				CLANG_WARN_ENUM_CONVERSION = YES;
				CLANG_WARN_INFINITE_RECURSION = YES;
				CLANG_WARN_INT_CONVERSION = YES;
				CLANG_WARN_NON_LITERAL_NULL_CONVERSION = YES;
				CLANG_WARN_OBJC_IMPLICIT_RETAIN_SELF = YES;
				CLANG_WARN_OBJC_LITERAL_CONVERSION = YES;
				CLANG_WARN_OBJC_ROOT_CLASS = YES_ERROR;
				CLANG_WARN_QUOTED_INCLUDE_IN_FRAMEWORK_HEADER = YES;
				CLANG_WARN_RANGE_LOOP_ANALYSIS = YES;
				CLANG_WARN_STRICT_PROTOTYPES = YES;
				CLANG_WARN_SUSPICIOUS_MOVE = YES;
				CLANG_WARN_UNGUARDED_AVAILABILITY = YES_AGGRESSIVE;
				CLANG_WARN_UNREACHABLE_CODE = YES;
				CLANG_WARN__DUPLICATE_METHOD_MATCH = YES;
				COPY_PHASE_STRIP = NO;
				DEBUG_INFORMATION_FORMAT = "dwarf-with-dsym";
				ENABLE_NS_ASSERTIONS = NO;
				ENABLE_STRICT_OBJC_MSGSEND = YES;
				ENABLE_USER_SCRIPT_SANDBOXING = YES;
				GCC_C_LANGUAGE_STANDARD = gnu17;
				GCC_NO_COMMON_BLOCKS = YES;
				GCC_WARN_64_TO_32_BIT_CONVERSION = YES;
				GCC_WARN_ABOUT_RETURN_TYPE = YES_ERROR;
				GCC_WARN_UNDECLARED_SELECTOR = YES;
				GCC_WARN_UNINITIALIZED_AUTOS = YES_AGGRESSIVE;
				GCC_WARN_UNUSED_FUNCTION = YES;
				GCC_WARN_UNUSED_VARIABLE = YES;
				IPHONEOS_DEPLOYMENT_TARGET = 17.5;
				LOCALIZATION_PREFERS_STRING_CATALOGS = YES;
				MTL_ENABLE_DEBUG_INFO = NO;
				MTL_FAST_MATH = YES;
				SDKROOT = iphoneos;
				SWIFT_COMPILATION_MODE = wholemodule;
				VALIDATE_PRODUCT = YES;
			};
			name = Release;
		};
		BD5F7A472C57D13A008CCB66 /* Debug */ = {
			isa = XCBuildConfiguration;
			buildSettings = {
				ASSETCATALOG_COMPILER_APPICON_NAME = AppIcon;
				ASSETCATALOG_COMPILER_GLOBAL_ACCENT_COLOR_NAME = AccentColor;
				CODE_SIGN_STYLE = Automatic;
				CURRENT_PROJECT_VERSION = 1;
				DEVELOPMENT_ASSET_PATHS = "\"questionapp/Preview Content\"";
				ENABLE_PREVIEWS = YES;
				GENERATE_INFOPLIST_FILE = YES;
				INFOPLIST_KEY_UIApplicationSceneManifest_Generation = YES;
				INFOPLIST_KEY_UIApplicationSupportsIndirectInputEvents = YES;
				INFOPLIST_KEY_UILaunchScreen_Generation = YES;
				INFOPLIST_KEY_UISupportedInterfaceOrientations_iPad = "UIInterfaceOrientationPortrait UIInterfaceOrientationPortraitUpsideDown UIInterfaceOrientationLandscapeLeft UIInterfaceOrientationLandscapeRight";
				INFOPLIST_KEY_UISupportedInterfaceOrientations_iPhone = "UIInterfaceOrientationPortrait UIInterfaceOrientationLandscapeLeft UIInterfaceOrientationLandscapeRight";
				LD_RUNPATH_SEARCH_PATHS = (
					"$(inherited)",
					"@executable_path/Frameworks",
				);
				MARKETING_VERSION = 1.0;
				PRODUCT_BUNDLE_IDENTIFIER = kwk.questionapp;
				PRODUCT_NAME = "$(TARGET_NAME)";
				SWIFT_EMIT_LOC_STRINGS = YES;
				SWIFT_VERSION = 5.0;
				TARGETED_DEVICE_FAMILY = "1,2";
			};
			name = Debug;
		};
		BD5F7A482C57D13A008CCB66 /* Release */ = {
			isa = XCBuildConfiguration;
			buildSettings = {
				ASSETCATALOG_COMPILER_APPICON_NAME = AppIcon;
				ASSETCATALOG_COMPILER_GLOBAL_ACCENT_COLOR_NAME = AccentColor;
				CODE_SIGN_STYLE = Automatic;
				CURRENT_PROJECT_VERSION = 1;
				DEVELOPMENT_ASSET_PATHS = "\"questionapp/Preview Content\"";
				ENABLE_PREVIEWS = YES;
				GENERATE_INFOPLIST_FILE = YES;
				INFOPLIST_KEY_UIApplicationSceneManifest_Generation = YES;
				INFOPLIST_KEY_UIApplicationSupportsIndirectInputEvents = YES;
				INFOPLIST_KEY_UILaunchScreen_Generation = YES;
				INFOPLIST_KEY_UISupportedInterfaceOrientations_iPad = "UIInterfaceOrientationPortrait UIInterfaceOrientationPortraitUpsideDown UIInterfaceOrientationLandscapeLeft UIInterfaceOrientationLandscapeRight";
				INFOPLIST_KEY_UISupportedInterfaceOrientations_iPhone = "UIInterfaceOrientationPortrait UIInterfaceOrientationLandscapeLeft UIInterfaceOrientationLandscapeRight";
				LD_RUNPATH_SEARCH_PATHS = (
					"$(inherited)",
					"@executable_path/Frameworks",
				);
				MARKETING_VERSION = 1.0;
				PRODUCT_BUNDLE_IDENTIFIER = kwk.questionapp;
				PRODUCT_NAME = "$(TARGET_NAME)";
				SWIFT_EMIT_LOC_STRINGS = YES;
				SWIFT_VERSION = 5.0;
				TARGETED_DEVICE_FAMILY = "1,2";
			};
			name = Release;
		};
		BD5F7A4A2C57D13A008CCB66 /* Debug */ = {
			isa = XCBuildConfiguration;
			buildSettings = {
				ALWAYS_EMBED_SWIFT_STANDARD_LIBRARIES = YES;
				BUNDLE_LOADER = "$(TEST_HOST)";
				CODE_SIGN_STYLE = Automatic;
				CURRENT_PROJECT_VERSION = 1;
				GENERATE_INFOPLIST_FILE = YES;
				IPHONEOS_DEPLOYMENT_TARGET = 17.5;
				MARKETING_VERSION = 1.0;
				PRODUCT_BUNDLE_IDENTIFIER = kwk.questionappTests;
				PRODUCT_NAME = "$(TARGET_NAME)";
				SWIFT_EMIT_LOC_STRINGS = NO;
				SWIFT_VERSION = 5.0;
				TARGETED_DEVICE_FAMILY = "1,2";
				TEST_HOST = "$(BUILT_PRODUCTS_DIR)/questionapp.app/$(BUNDLE_EXECUTABLE_FOLDER_PATH)/questionapp";
			};
			name = Debug;
		};
		BD5F7A4B2C57D13A008CCB66 /* Release */ = {
			isa = XCBuildConfiguration;
			buildSettings = {
				ALWAYS_EMBED_SWIFT_STANDARD_LIBRARIES = YES;
				BUNDLE_LOADER = "$(TEST_HOST)";
				CODE_SIGN_STYLE = Automatic;
				CURRENT_PROJECT_VERSION = 1;
				GENERATE_INFOPLIST_FILE = YES;
				IPHONEOS_DEPLOYMENT_TARGET = 17.5;
				MARKETING_VERSION = 1.0;
				PRODUCT_BUNDLE_IDENTIFIER = kwk.questionappTests;
				PRODUCT_NAME = "$(TARGET_NAME)";
				SWIFT_EMIT_LOC_STRINGS = NO;
				SWIFT_VERSION = 5.0;
				TARGETED_DEVICE_FAMILY = "1,2";
				TEST_HOST = "$(BUILT_PRODUCTS_DIR)/questionapp.app/$(BUNDLE_EXECUTABLE_FOLDER_PATH)/questionapp";
			};
			name = Release;
		};
		BD5F7A4D2C57D13A008CCB66 /* Debug */ = {
			isa = XCBuildConfiguration;
			buildSettings = {
				ALWAYS_EMBED_SWIFT_STANDARD_LIBRARIES = YES;
				CODE_SIGN_STYLE = Automatic;
				CURRENT_PROJECT_VERSION = 1;
				GENERATE_INFOPLIST_FILE = YES;
				MARKETING_VERSION = 1.0;
				PRODUCT_BUNDLE_IDENTIFIER = kwk.questionappUITests;
				PRODUCT_NAME = "$(TARGET_NAME)";
				SWIFT_EMIT_LOC_STRINGS = NO;
				SWIFT_VERSION = 5.0;
				TARGETED_DEVICE_FAMILY = "1,2";
				TEST_TARGET_NAME = questionapp;
			};
			name = Debug;
		};
		BD5F7A4E2C57D13A008CCB66 /* Release */ = {
			isa = XCBuildConfiguration;
			buildSettings = {
				ALWAYS_EMBED_SWIFT_STANDARD_LIBRARIES = YES;
				CODE_SIGN_STYLE = Automatic;
				CURRENT_PROJECT_VERSION = 1;
				GENERATE_INFOPLIST_FILE = YES;
				MARKETING_VERSION = 1.0;
				PRODUCT_BUNDLE_IDENTIFIER = kwk.questionappUITests;
				PRODUCT_NAME = "$(TARGET_NAME)";
				SWIFT_EMIT_LOC_STRINGS = NO;
				SWIFT_VERSION = 5.0;
				TARGETED_DEVICE_FAMILY = "1,2";
				TEST_TARGET_NAME = questionapp;
			};
			name = Release;
		};
/* End XCBuildConfiguration section */

/* Begin XCConfigurationList section */
		BD5F7A1D2C57D136008CCB66 /* Build configuration list for PBXProject "questionapp" */ = {
			isa = XCConfigurationList;
			buildConfigurations = (
				BD5F7A442C57D13A008CCB66 /* Debug */,
				BD5F7A452C57D13A008CCB66 /* Release */,
			);
			defaultConfigurationIsVisible = 0;
			defaultConfigurationName = Release;
		};
		BD5F7A462C57D13A008CCB66 /* Build configuration list for PBXNativeTarget "questionapp" */ = {
			isa = XCConfigurationList;
			buildConfigurations = (
				BD5F7A472C57D13A008CCB66 /* Debug */,
				BD5F7A482C57D13A008CCB66 /* Release */,
			);
			defaultConfigurationIsVisible = 0;
			defaultConfigurationName = Release;
		};
		BD5F7A492C57D13A008CCB66 /* Build configuration list for PBXNativeTarget "questionappTests" */ = {
			isa = XCConfigurationList;
			buildConfigurations = (
				BD5F7A4A2C57D13A008CCB66 /* Debug */,
				BD5F7A4B2C57D13A008CCB66 /* Release */,
			);
			defaultConfigurationIsVisible = 0;
			defaultConfigurationName = Release;
		};
		BD5F7A4C2C57D13A008CCB66 /* Build configuration list for PBXNativeTarget "questionappUITests" */ = {
			isa = XCConfigurationList;
			buildConfigurations = (
				BD5F7A4D2C57D13A008CCB66 /* Debug */,
				BD5F7A4E2C57D13A008CCB66 /* Release */,
			);
			defaultConfigurationIsVisible = 0;
			defaultConfigurationName = Release;
		};
/* End XCConfigurationList section */
	};
	rootObject = BD5F7A1A2C57D136008CCB66 /* Project object */;
}
